{
  "nodes": {
    "nixpkgs": {
      "locked": {
        "lastModified": 1745351627,
        "narHash": "sha256-5E6I8zktrIUfE1jq5z916Uaq28+kUomJuasUpY937RU=",
        "owner": "nixos",
        "repo": "nixpkgs",
        "rev": "ba64efe057f0cecdc43bf53f26d66cc00a4d3793",
        "type": "github"
      },
      "original": {
        "owner": "nixos",
        "ref": "nixos-24.11-small",
        "repo": "nixpkgs",
        "type": "github"
      }
    },
    "root": {
      "inputs": {
        "nixpkgs": "nixpkgs"
      }
    }
  },
  "root": "root",
  "version": 7
}
